
Microsoft Visual Studio Solution File, Format Version 12.00
# Visual Studio Version 17
VisualStudioVersion = 17.5.33516.290
MinimumVisualStudioVersion = 10.0.40219.1
Project("{9A19103F-16F7-4668-BE54-9A1E7A4F7556}") = "DLS", "LanguageSwitcher\DLS.csproj", "{CC02D03A-6908-465A-ACA3-0599327E4DE7}"
EndProject
Project("{FAE04EC0-301F-11D3-BF4B-00C04F79EFBC}") = "KeyboardHook", "KeyBoardHook\KeyboardHook\KeyboardHook.csproj", "{74CA6413-B725-4CD4-9C87-FE21A81B0101}"
EndProject
Global
	GlobalSection(SolutionConfigurationPlatforms) = preSolution
		Debug|Any CPU = Debug|Any CPU
		Release|Any CPU = Release|Any CPU
	EndGlobalSection
	GlobalSection(ProjectConfigurationPlatforms) = postSolution
		{CC02D03A-6908-465A-ACA3-0599327E4DE7}.Debug|Any CPU.ActiveCfg = Debug|Any CPU
		{CC02D03A-6908-465A-ACA3-0599327E4DE7}.Debug|Any CPU.Build.0 = Debug|Any CPU
		{CC02D03A-6908-465A-ACA3-0599327E4DE7}.Release|Any CPU.ActiveCfg = Release|Any CPU
		{CC02D03A-6908-465A-ACA3-0599327E4DE7}.Release|Any CPU.Build.0 = Release|Any CPU
		{74CA6413-B725-4CD4-9C87-FE21A81B0101}.Debug|Any CPU.ActiveCfg = Debug|Any CPU
		{74CA6413-B725-4CD4-9C87-FE21A81B0101}.Debug|Any CPU.Build.0 = Debug|Any CPU
		{74CA6413-B725-4CD4-9C87-FE21A81B0101}.Release|Any CPU.ActiveCfg = Release|Any CPU
		{74CA6413-B725-4CD4-9C87-FE21A81B0101}.Release|Any CPU.Build.0 = Release|Any CPU
	EndGlobalSection
	GlobalSection(SolutionProperties) = preSolution
		HideSolutionNode = FALSE
	EndGlobalSection
	GlobalSection(ExtensibilityGlobals) = postSolution
		SolutionGuid = {60B448E5-3647-4BDD-BC7C-DCD26BF95BB5}
	EndGlobalSection
EndGlobal
